
Microsoft Visual Studio Solution File, Format Version 11.00
# Visual Studio 2010
Project("{FAE04EC0-301F-11D3-BF4B-00C04F79EFBC}") = "Febucci.TextAnimator.Runtime", "Febucci.TextAnimator.Runtime.csproj", "{734e14ea-a34e-02bc-6c61-d78a63d35d88}"
EndProject
Project("{FAE04EC0-301F-11D3-BF4B-00C04F79EFBC}") = "PhotonChat", "PhotonChat.csproj", "{a50e5634-baeb-6443-c195-0f5d018ebc7d}"
EndProject
Project("{FAE04EC0-301F-11D3-BF4B-00C04F79EFBC}") = "PhotonUnityNetworking.Demos", "PhotonUnityNetworking.Demos.csproj", "{dd9a55fb-6036-db19-29ae-ce099dedf194}"
EndProject
Project("{FAE04EC0-301F-11D3-BF4B-00C04F79EFBC}") = "Assembly-CSharp", "Assembly-CSharp.csproj", "{e76e4b6c-42f1-b2fa-47aa-fefbdd583640}"
EndProject
Project("{FAE04EC0-301F-11D3-BF4B-00C04F79EFBC}") = "PhotonRealtime", "PhotonRealtime.csproj", "{35006d9c-b63a-0fe3-109f-63bfd93fd53d}"
EndProject
Project("{FAE04EC0-301F-11D3-BF4B-00C04F79EFBC}") = "PhotonUnityNetworking.Editor", "PhotonUnityNetworking.Editor.csproj", "{a114b7ea-696d-0200-5d0a-620be1f7037e}"
EndProject
Project("{FAE04EC0-301F-11D3-BF4B-00C04F79EFBC}") = "PhotonUnityNetworking", "PhotonUnityNetworking.csproj", "{cd14a6b8-fd0b-b356-46d1-646d2731de11}"
EndProject
Project("{FAE04EC0-301F-11D3-BF4B-00C04F79EFBC}") = "Febucci.TextAnimator.Editor", "Febucci.TextAnimator.Editor.csproj", "{572df2d4-44d4-17f6-9cd9-3bd3549d0e5d}"
EndProject
Project("{FAE04EC0-301F-11D3-BF4B-00C04F79EFBC}") = "Assembly-CSharp-firstpass", "Assembly-CSharp-firstpass.csproj", "{94f7bdec-e7d5-4560-3ebd-313b706fea1f}"
EndProject
Project("{FAE04EC0-301F-11D3-BF4B-00C04F79EFBC}") = "Febucci.Attributes.Runtime", "Febucci.Attributes.Runtime.csproj", "{30669d9f-cf7f-bbc1-14dd-4290721be01e}"
EndProject
Project("{FAE04EC0-301F-11D3-BF4B-00C04F79EFBC}") = "PhotonUnityNetworking.Utilities.PhotonPlayer.Editor", "PhotonUnityNetworking.Utilities.PhotonPlayer.Editor.csproj", "{4d20ab7c-19c2-3254-102f-e171b01fdd4f}"
EndProject
Project("{FAE04EC0-301F-11D3-BF4B-00C04F79EFBC}") = "Febucci.Attributes.Editor", "Febucci.Attributes.Editor.csproj", "{1e3f4a7d-104c-27b6-61a0-ae04ff0371b0}"
EndProject
Project("{FAE04EC0-301F-11D3-BF4B-00C04F79EFBC}") = "Febucci.TextAnimator.Demo.Runtime", "Febucci.TextAnimator.Demo.Runtime.csproj", "{9d22b863-99b7-85c8-f929-5be810f361bc}"
EndProject
Project("{FAE04EC0-301F-11D3-BF4B-00C04F79EFBC}") = "PhotonUnityNetworking.Utilities", "PhotonUnityNetworking.Utilities.csproj", "{eea53a14-c8f2-489b-8871-5159f800aecc}"
EndProject
Project("{FAE04EC0-301F-11D3-BF4B-00C04F79EFBC}") = "PunDemos.DemoSlotcarEditor", "PunDemos.DemoSlotcarEditor.csproj", "{ea1d8c74-0799-535b-7626-ff0af78654c4}"
EndProject
Project("{FAE04EC0-301F-11D3-BF4B-00C04F79EFBC}") = "PhotonUnityNetworking.Utilities.Culling.Editor", "PhotonUnityNetworking.Utilities.Culling.Editor.csproj", "{621c5997-9e33-4b24-7e91-c0fbb8991aa7}"
EndProject
Project("{FAE04EC0-301F-11D3-BF4B-00C04F79EFBC}") = "Febucci.TextAnimator.TMP.Runtime", "Febucci.TextAnimator.TMP.Runtime.csproj", "{6246b7c1-a0fa-1a8a-8a5b-3e460475c8fc}"
EndProject
Project("{FAE04EC0-301F-11D3-BF4B-00C04F79EFBC}") = "PunDemos.DemoHubEditor", "PunDemos.DemoHubEditor.csproj", "{4cf1cc5e-a775-b6b0-b0da-461977e271cf}"
EndProject
Project("{FAE04EC0-301F-11D3-BF4B-00C04F79EFBC}") = "Assembly-CSharp-Editor", "Assembly-CSharp-Editor.csproj", "{c5e37816-7dbf-c7bc-fec7-a31be8a34393}"
EndProject
Project("{FAE04EC0-301F-11D3-BF4B-00C04F79EFBC}") = "Assembly-CSharp-Editor-firstpass", "Assembly-CSharp-Editor-firstpass.csproj", "{611d2f7f-1cc0-6f2d-2d22-7faa7df880fa}"
EndProject
Global
	GlobalSection(SolutionConfigurationPlatforms) = preSolution
		Debug|Any CPU = Debug|Any CPU
	EndGlobalSection
	GlobalSection(ProjectConfigurationPlatforms) = postSolution
		{734e14ea-a34e-02bc-6c61-d78a63d35d88}.Debug|Any CPU.ActiveCfg = Debug|Any CPU
		{734e14ea-a34e-02bc-6c61-d78a63d35d88}.Debug|Any CPU.Build.0 = Debug|Any CPU
		{a50e5634-baeb-6443-c195-0f5d018ebc7d}.Debug|Any CPU.ActiveCfg = Debug|Any CPU
		{a50e5634-baeb-6443-c195-0f5d018ebc7d}.Debug|Any CPU.Build.0 = Debug|Any CPU
		{dd9a55fb-6036-db19-29ae-ce099dedf194}.Debug|Any CPU.ActiveCfg = Debug|Any CPU
		{dd9a55fb-6036-db19-29ae-ce099dedf194}.Debug|Any CPU.Build.0 = Debug|Any CPU
		{e76e4b6c-42f1-b2fa-47aa-fefbdd583640}.Debug|Any CPU.ActiveCfg = Debug|Any CPU
		{e76e4b6c-42f1-b2fa-47aa-fefbdd583640}.Debug|Any CPU.Build.0 = Debug|Any CPU
		{35006d9c-b63a-0fe3-109f-63bfd93fd53d}.Debug|Any CPU.ActiveCfg = Debug|Any CPU
		{35006d9c-b63a-0fe3-109f-63bfd93fd53d}.Debug|Any CPU.Build.0 = Debug|Any CPU
		{a114b7ea-696d-0200-5d0a-620be1f7037e}.Debug|Any CPU.ActiveCfg = Debug|Any CPU
		{a114b7ea-696d-0200-5d0a-620be1f7037e}.Debug|Any CPU.Build.0 = Debug|Any CPU
		{cd14a6b8-fd0b-b356-46d1-646d2731de11}.Debug|Any CPU.ActiveCfg = Debug|Any CPU
		{cd14a6b8-fd0b-b356-46d1-646d2731de11}.Debug|Any CPU.Build.0 = Debug|Any CPU
		{572df2d4-44d4-17f6-9cd9-3bd3549d0e5d}.Debug|Any CPU.ActiveCfg = Debug|Any CPU
		{572df2d4-44d4-17f6-9cd9-3bd3549d0e5d}.Debug|Any CPU.Build.0 = Debug|Any CPU
		{94f7bdec-e7d5-4560-3ebd-313b706fea1f}.Debug|Any CPU.ActiveCfg = Debug|Any CPU
		{94f7bdec-e7d5-4560-3ebd-313b706fea1f}.Debug|Any CPU.Build.0 = Debug|Any CPU
		{30669d9f-cf7f-bbc1-14dd-4290721be01e}.Debug|Any CPU.ActiveCfg = Debug|Any CPU
		{30669d9f-cf7f-bbc1-14dd-4290721be01e}.Debug|Any CPU.Build.0 = Debug|Any CPU
		{4d20ab7c-19c2-3254-102f-e171b01fdd4f}.Debug|Any CPU.ActiveCfg = Debug|Any CPU
		{4d20ab7c-19c2-3254-102f-e171b01fdd4f}.Debug|Any CPU.Build.0 = Debug|Any CPU
		{1e3f4a7d-104c-27b6-61a0-ae04ff0371b0}.Debug|Any CPU.ActiveCfg = Debug|Any CPU
		{1e3f4a7d-104c-27b6-61a0-ae04ff0371b0}.Debug|Any CPU.Build.0 = Debug|Any CPU
		{9d22b863-99b7-85c8-f929-5be810f361bc}.Debug|Any CPU.ActiveCfg = Debug|Any CPU
		{9d22b863-99b7-85c8-f929-5be810f361bc}.Debug|Any CPU.Build.0 = Debug|Any CPU
		{eea53a14-c8f2-489b-8871-5159f800aecc}.Debug|Any CPU.ActiveCfg = Debug|Any CPU
		{eea53a14-c8f2-489b-8871-5159f800aecc}.Debug|Any CPU.Build.0 = Debug|Any CPU
		{ea1d8c74-0799-535b-7626-ff0af78654c4}.Debug|Any CPU.ActiveCfg = Debug|Any CPU
		{ea1d8c74-0799-535b-7626-ff0af78654c4}.Debug|Any CPU.Build.0 = Debug|Any CPU
		{621c5997-9e33-4b24-7e91-c0fbb8991aa7}.Debug|Any CPU.ActiveCfg = Debug|Any CPU
		{621c5997-9e33-4b24-7e91-c0fbb8991aa7}.Debug|Any CPU.Build.0 = Debug|Any CPU
		{6246b7c1-a0fa-1a8a-8a5b-3e460475c8fc}.Debug|Any CPU.ActiveCfg = Debug|Any CPU
		{6246b7c1-a0fa-1a8a-8a5b-3e460475c8fc}.Debug|Any CPU.Build.0 = Debug|Any CPU
		{4cf1cc5e-a775-b6b0-b0da-461977e271cf}.Debug|Any CPU.ActiveCfg = Debug|Any CPU
		{4cf1cc5e-a775-b6b0-b0da-461977e271cf}.Debug|Any CPU.Build.0 = Debug|Any CPU
		{c5e37816-7dbf-c7bc-fec7-a31be8a34393}.Debug|Any CPU.ActiveCfg = Debug|Any CPU
		{c5e37816-7dbf-c7bc-fec7-a31be8a34393}.Debug|Any CPU.Build.0 = Debug|Any CPU
		{611d2f7f-1cc0-6f2d-2d22-7faa7df880fa}.Debug|Any CPU.ActiveCfg = Debug|Any CPU
		{611d2f7f-1cc0-6f2d-2d22-7faa7df880fa}.Debug|Any CPU.Build.0 = Debug|Any CPU
	EndGlobalSection
	GlobalSection(SolutionProperties) = preSolution
		HideSolutionNode = FALSE
	EndGlobalSection
EndGlobal
